{
  "nodes": {
    "home-manager": {
      "inputs": {
        "nixpkgs": [
          "nixpkgs"
        ]
      },
      "locked": {
        "lastModified": 1748182899,
        "narHash": "sha256-r6MHSalDFydlUmjorVTSsyhLjIt8VWNtGc5+mffXvFQ=",
        "owner": "nix-community",
        "repo": "home-manager",
        "rev": "901f8fef7f349cf8a8e97b3230b22fd592df9160",
        "type": "github"
      },
      "original": {
        "owner": "nix-community",
        "repo": "home-manager",
        "type": "github"
      }
    },
    "home-manager_2": {
      "inputs": {
        "nixpkgs": [
          "plasma-manager",
          "nixpkgs"
        ]
      },
      "locked": {
        "lastModified": 1740494361,
        "narHash": "sha256-Dd/GhJ9qKmUwuhgt/PAROG8J6YdU2ZjtJI9SQX5sVQI=",
        "owner": "nix-community",
        "repo": "home-manager",
        "rev": "74f0a8546e3f2458c870cf90fc4b38ac1f498b17",
        "type": "github"
      },
      "original": {
        "owner": "nix-community",
        "repo": "home-manager",
        "type": "github"
      }
    },
    "nix-flatpak": {
      "locked": {
        "lastModified": 1744659587,
        "narHash": "sha256-xJnbmRVte13akgn+Prg06IaRHJ5OX3uVltwsCP/mxoc=",
        "owner": "gmodena",
        "repo": "nix-flatpak",
        "rev": "928d868a9141b48f152d3b2b00c433e688d4b106",
        "type": "github"
      },
      "original": {
        "owner": "gmodena",
        "repo": "nix-flatpak",
        "type": "github"
      }
    },
    "nixpkgs": {
      "locked": {
        "lastModified": 1748026106,
        "narHash": "sha256-6m1Y3/4pVw1RWTsrkAK2VMYSzG4MMIj7sqUy7o8th1o=",
        "owner": "nixos",
        "repo": "nixpkgs",
        "rev": "063f43f2dbdef86376cc29ad646c45c46e93234c",
        "type": "github"
      },
      "original": {
        "owner": "nixos",
        "ref": "nixos-unstable",
        "repo": "nixpkgs",
        "type": "github"
      }
    },
    "plasma-manager": {
      "inputs": {
        "home-manager": "home-manager_2",
        "nixpkgs": [
          "nixpkgs"
        ]
      },
      "locked": {
        "lastModified": 1748196248,
        "narHash": "sha256-1iHjsH6/5UOerJEoZKE+Gx1BgAoge/YcnUsOA4wQ/BU=",
        "owner": "nix-community",
        "repo": "plasma-manager",
        "rev": "b7697abe89967839b273a863a3805345ea54ab56",
        "type": "github"
      },
      "original": {
        "owner": "nix-community",
        "repo": "plasma-manager",
        "type": "github"
      }
    },
    "root": {
      "inputs": {
        "home-manager": "home-manager",
        "nix-flatpak": "nix-flatpak",
        "nixpkgs": "nixpkgs",
        "plasma-manager": "plasma-manager",
        "sops-nix": "sops-nix"
      }
    },
    "sops-nix": {
      "inputs": {
        "nixpkgs": [
          "nixpkgs"
        ]
      },
      "locked": {
        "lastModified": 1747603214,
        "narHash": "sha256-lAblXm0VwifYCJ/ILPXJwlz0qNY07DDYdLD+9H+Wc8o=",
        "owner": "mic92",
        "repo": "sops-nix",
        "rev": "8d215e1c981be3aa37e47aeabd4e61bb069548fd",
        "type": "github"
      },
      "original": {
        "owner": "mic92",
        "repo": "sops-nix",
        "type": "github"
      }
    }
  },
  "root": "root",
  "version": 7
}
